
Microsoft Visual Studio Solution File, Format Version 12.00
# Visual Studio Version 17
VisualStudioVersion = 17.10.35201.131
MinimumVisualStudioVersion = 10.0.40219.1
Project("{FAE04EC0-301F-11D3-BF4B-00C04F79EFBC}") = "MagicOnionSever", "MagicOnionSever.csproj", "{31A6A33D-C62C-4F02-B055-C23AB2052A1C}"
	ProjectSection(ProjectDependencies) = postProject
		{56FC02BA-5BE4-47FA-8173-545190188AFE} = {56FC02BA-5BE4-47FA-8173-545190188AFE}
	EndProjectSection
EndProject
Project("{FAE04EC0-301F-11D3-BF4B-00C04F79EFBC}") = "Shared", "..\Shared\Shared.csproj", "{56FC02BA-5BE4-47FA-8173-545190188AFE}"
EndProject
Global
	GlobalSection(SolutionConfigurationPlatforms) = preSolution
		Debug|Any CPU = Debug|Any CPU
		Release|Any CPU = Release|Any CPU
	EndGlobalSection
	GlobalSection(ProjectConfigurationPlatforms) = postSolution
		{31A6A33D-C62C-4F02-B055-C23AB2052A1C}.Debug|Any CPU.ActiveCfg = Debug|Any CPU
		{31A6A33D-C62C-4F02-B055-C23AB2052A1C}.Debug|Any CPU.Build.0 = Debug|Any CPU
		{31A6A33D-C62C-4F02-B055-C23AB2052A1C}.Release|Any CPU.ActiveCfg = Release|Any CPU
		{31A6A33D-C62C-4F02-B055-C23AB2052A1C}.Release|Any CPU.Build.0 = Release|Any CPU
		{56FC02BA-5BE4-47FA-8173-545190188AFE}.Debug|Any CPU.ActiveCfg = Debug|Any CPU
		{56FC02BA-5BE4-47FA-8173-545190188AFE}.Debug|Any CPU.Build.0 = Debug|Any CPU
		{56FC02BA-5BE4-47FA-8173-545190188AFE}.Release|Any CPU.ActiveCfg = Release|Any CPU
		{56FC02BA-5BE4-47FA-8173-545190188AFE}.Release|Any CPU.Build.0 = Release|Any CPU
	EndGlobalSection
	GlobalSection(SolutionProperties) = preSolution
		HideSolutionNode = FALSE
	EndGlobalSection
	GlobalSection(ExtensibilityGlobals) = postSolution
		SolutionGuid = {28A55456-D629-4ADE-A1B2-746C59895882}
	EndGlobalSection
EndGlobal
